<Solution>
  <Folder Name="/src/">
    <Project Path="src/Scry.Client/Scry.Client.csproj" />
    <Project Path="src/Scry.Contracts/Scry.Contracts.csproj" />
    <Project Path="src/Scry.Host/Scry.Host.csproj" />
  </Folder>
  <Folder Name="/tests/">
    <Project Path="tests/Scry.UnitTests/Scry.UnitTests.csproj" />
  </Folder>
</Solution>
